{
    "_readme": [
        "This file locks the dependencies of your project to a known state",
        "Read more about it at https://getcomposer.org/doc/01-basic-usage.md#installing-dependencies",
        "This file is @generated automatically"
    ],
    "content-hash": "7f3b313f218c137ea0554356b5aaf8d1",
    "packages": [
        {
            "name": "city-of-helsinki/wordpress-helfi-chat",
            "version": "dev-main",
            "source": {
                "type": "git",
                "url": "https://github.com/City-of-Helsinki/wordpress-helfi-chat.git",
                "reference": "9a150eda9533c11ba190695a899901f77191f113"
            },
            "dist": {
                "type": "zip",
                "url": "https://api.github.com/repos/City-of-Helsinki/wordpress-helfi-chat/zipball/9a150eda9533c11ba190695a899901f77191f113",
                "reference": "9a150eda9533c11ba190695a899901f77191f113",
                "shasum": ""
            },
            "default-branch": true,
            "type": "wordpress-plugin",
            "authors": [
                {
                    "name": "Broomu Digitals",
                    "email": "info@broomudigitals.fi",
                    "homepage": "https://www.broomudigitals.fi"
                }
            ],
            "support": {
                "source": "https://github.com/City-of-Helsinki/wordpress-helfi-chat/tree/main",
                "issues": "https://github.com/City-of-Helsinki/wordpress-helfi-chat/issues"
            },
            "time": "2022-11-03T08:13:24+00:00"
        },
        {
            "name": "city-of-helsinki/wordpress-helfi-hds-wp",
            "version": "dev-main",
            "source": {
                "type": "git",
                "url": "https://github.com/City-of-Helsinki/wordpress-helfi-hds-wp.git",
                "reference": "ab9d7ad005eab1a2a209923b41ecd499520748b8"
            },
            "dist": {
                "type": "zip",
                "url": "https://api.github.com/repos/City-of-Helsinki/wordpress-helfi-hds-wp/zipball/ab9d7ad005eab1a2a209923b41ecd499520748b8",
                "reference": "ab9d7ad005eab1a2a209923b41ecd499520748b8",
                "shasum": ""
            },
            "require": {
                "johnpbloch/wordpress-core": ">5.0",
                "wecodemore/wpstarter": "~2.0"
            },
            "default-branch": true,
            "type": "wordpress-plugin",
            "authors": [
                {
                    "name": "ArtCloud",
                    "email": "hel@artcloud.fi",
                    "homepage": "https://www.artcloud.fi"
                }
            ],
            "support": {
                "source": "https://github.com/City-of-Helsinki/wordpress-helfi-hds-wp/tree/v1.11.3",
                "issues": "https://github.com/City-of-Helsinki/wordpress-helfi-hds-wp/issues"
            },
            "time": "2022-11-09T11:09:48+00:00"
        },
        {
            "name": "city-of-helsinki/wordpress-helfi-helsinkiteema",
            "version": "dev-main",
            "source": {
                "type": "git",
                "url": "https://github.com/City-of-Helsinki/wordpress-helfi-helsinkiteema.git",
                "reference": "d9d9cdc81dc97331868bed6cff2969931acbf37d"
            },
            "dist": {
                "type": "zip",
                "url": "https://api.github.com/repos/City-of-Helsinki/wordpress-helfi-helsinkiteema/zipball/d9d9cdc81dc97331868bed6cff2969931acbf37d",
                "reference": "d9d9cdc81dc97331868bed6cff2969931acbf37d",
                "shasum": ""
            },
            "require": {
                "city-of-helsinki/wordpress-helfi-hds-wp": ">1.0",
                "johnpbloch/wordpress-core": ">5.0",
                "wecodemore/wpstarter": "~2.0"
            },
            "default-branch": true,
            "type": "wordpress-theme",
            "authors": [
                {
                    "name": "ArtCloud",
                    "email": "hel@artcloud.fi",
                    "homepage": "https://www.artcloud.fi"
                }
            ],
            "support": {
                "source": "https://github.com/City-of-Helsinki/wordpress-helfi-helsinkiteema/tree/v4.7.1",
                "issues": "https://github.com/City-of-Helsinki/wordpress-helfi-helsinkiteema/issues"
            },
            "time": "2022-11-09T11:10:37+00:00"
        },
        {
            "name": "city-of-helsinki/wordpress-helfi-linkedevents",
            "version": "dev-main",
            "source": {
                "type": "git",
                "url": "https://github.com/City-of-Helsinki/wordpress-helfi-linkedevents.git",
                "reference": "96198d08707667f36375304ada2a5119ce0a65fa"
            },
            "dist": {
                "type": "zip",
                "url": "https://api.github.com/repos/City-of-Helsinki/wordpress-helfi-linkedevents/zipball/96198d08707667f36375304ada2a5119ce0a65fa",
                "reference": "96198d08707667f36375304ada2a5119ce0a65fa",
                "shasum": ""
            },
            "default-branch": true,
            "type": "wordpress-plugin",
            "authors": [
                {
                    "name": "ArtCloud",
                    "email": "hel@artcloud.fi",
                    "homepage": "https://www.artcloud.fi"
                }
            ],
            "support": {
                "source": "https://github.com/City-of-Helsinki/wordpress-helfi-linkedevents/tree/main",
                "issues": "https://github.com/City-of-Helsinki/wordpress-helfi-linkedevents/issues"
            },
            "time": "2022-11-03T07:27:05+00:00"
        },
        {
            "name": "city-of-helsinki/wordpress-helfi-tpr",
            "version": "dev-main",
            "source": {
                "type": "git",
                "url": "https://github.com/City-of-Helsinki/wordpress-helfi-tpr.git",
                "reference": "00620f64c3559d0dcc48f6f6070965a1107b5a66"
            },
            "dist": {
                "type": "zip",
                "url": "https://api.github.com/repos/City-of-Helsinki/wordpress-helfi-tpr/zipball/00620f64c3559d0dcc48f6f6070965a1107b5a66",
                "reference": "00620f64c3559d0dcc48f6f6070965a1107b5a66",
                "shasum": ""
            },
            "default-branch": true,
            "type": "wordpress-plugin",
            "authors": [
                {
                    "name": "Broomu Digitals",
                    "email": "info@broomudigitals.fi",
                    "homepage": "https://www.broomudigitals.fi"
                }
            ],
            "support": {
                "source": "https://github.com/City-of-Helsinki/wordpress-helfi-tpr/tree/main",
                "issues": "https://github.com/City-of-Helsinki/wordpress-helfi-tpr/issues"
            },
            "time": "2022-11-03T08:55:19+00:00"
        },
        {
            "name": "composer/installers",
            "version": "v2.2.0",
            "source": {
                "type": "git",
                "url": "https://github.com/composer/installers.git",
                "reference": "c29dc4b93137acb82734f672c37e029dfbd95b35"
            },
            "dist": {
                "type": "zip",
                "url": "https://api.github.com/repos/composer/installers/zipball/c29dc4b93137acb82734f672c37e029dfbd95b35",
                "reference": "c29dc4b93137acb82734f672c37e029dfbd95b35",
                "shasum": ""
            },
            "require": {
                "composer-plugin-api": "^1.0 || ^2.0",
                "php": "^7.2 || ^8.0"
            },
            "require-dev": {
                "composer/composer": "1.6.* || ^2.0",
                "composer/semver": "^1 || ^3",
                "phpstan/phpstan": "^0.12.55",
                "phpstan/phpstan-phpunit": "^0.12.16",
                "symfony/phpunit-bridge": "^5.3",
                "symfony/process": "^5"
            },
            "type": "composer-plugin",
            "extra": {
                "class": "Composer\\Installers\\Plugin",
                "branch-alias": {
                    "dev-main": "2.x-dev"
                },
                "plugin-modifies-install-path": true
            },
            "autoload": {
                "psr-4": {
                    "Composer\\Installers\\": "src/Composer/Installers"
                }
            },
            "notification-url": "https://packagist.org/downloads/",
            "license": [
                "MIT"
            ],
            "authors": [
                {
                    "name": "Kyle Robinson Young",
                    "email": "kyle@dontkry.com",
                    "homepage": "https://github.com/shama"
                }
            ],
            "description": "A multi-framework Composer library installer",
            "homepage": "https://composer.github.io/installers/",
            "keywords": [
                "Dolibarr",
                "Eliasis",
                "Hurad",
                "ImageCMS",
                "Kanboard",
                "Lan Management System",
                "MODX Evo",
                "MantisBT",
                "Mautic",
                "Maya",
                "OXID",
                "Plentymarkets",
                "Porto",
                "RadPHP",
                "SMF",
                "Starbug",
                "Thelia",
                "Whmcs",
                "WolfCMS",
                "agl",
                "annotatecms",
                "attogram",
                "bitrix",
                "cakephp",
                "chef",
                "cockpit",
                "codeigniter",
                "concrete5",
                "croogo",
                "dokuwiki",
                "drupal",
                "eZ Platform",
                "elgg",
                "expressionengine",
                "fuelphp",
                "grav",
                "installer",
                "itop",
                "known",
                "kohana",
                "laravel",
                "lavalite",
                "lithium",
                "magento",
                "majima",
                "mako",
                "matomo",
                "mediawiki",
                "miaoxing",
                "modulework",
                "modx",
                "moodle",
                "osclass",
                "pantheon",
                "phpbb",
                "piwik",
                "ppi",
                "processwire",
                "puppet",
                "pxcms",
                "reindex",
                "roundcube",
                "shopware",
                "silverstripe",
                "sydes",
                "sylius",
                "tastyigniter",
                "wordpress",
                "yawik",
                "zend",
                "zikula"
            ],
            "support": {
                "issues": "https://github.com/composer/installers/issues",
                "source": "https://github.com/composer/installers/tree/v2.2.0"
            },
            "funding": [
                {
                    "url": "https://packagist.com",
                    "type": "custom"
                },
                {
                    "url": "https://github.com/composer",
                    "type": "github"
                },
                {
                    "url": "https://tidelift.com/funding/github/packagist/composer/composer",
                    "type": "tidelift"
                }
            ],
            "time": "2022-08-20T06:45:11+00:00"
        },
        {
            "name": "inpsyde/wp-translation-downloader",
            "version": "2.4",
            "source": {
                "type": "git",
                "url": "https://github.com/inpsyde/wp-translation-downloader.git",
                "reference": "531e545bfd6c9c3d302f4eccd189ad70275be874"
            },
            "dist": {
                "type": "zip",
                "url": "https://api.github.com/repos/inpsyde/wp-translation-downloader/zipball/531e545bfd6c9c3d302f4eccd189ad70275be874",
                "reference": "531e545bfd6c9c3d302f4eccd189ad70275be874",
                "shasum": ""
            },
            "require": {
                "composer-plugin-api": "^2.0",
                "composer/installers": "^1.0 || ^2.0",
                "ext-json": "*",
                "php": ">=7.2"
            },
            "require-dev": {
                "behat/behat": "^v3.10.0",
                "brain/monkey": "^2.6.1",
                "composer/composer": "^2.3.7",
                "inpsyde/php-coding-standards": "^1.0.0",
                "mikey179/vfsstream": "^v1.6.10",
                "ondram/ci-detector": "^4.1.0",
                "phpunit/phpunit": "^8.5.26",
                "vimeo/psalm": "^4.23.0"
            },
            "type": "composer-plugin",
            "extra": {
                "class": "Inpsyde\\WpTranslationDownloader\\Plugin"
            },
            "autoload": {
                "psr-4": {
                    "Inpsyde\\WpTranslationDownloader\\": "src/"
                }
            },
            "notification-url": "https://packagist.org/downloads/",
            "license": [
                "MIT"
            ],
            "authors": [
                {
                    "name": "Christian Leucht",
                    "email": "c.leucht@inpsyde.com"
                }
            ],
            "description": "Composer plugin to download translations from wordpress.org API.",
            "support": {
                "issues": "https://github.com/inpsyde/wp-translation-downloader/issues",
                "source": "https://github.com/inpsyde/wp-translation-downloader/tree/2.4"
            },
            "time": "2022-12-09T13:07:56+00:00"
        },
        {
            "name": "johnpbloch/wordpress",
            "version": "6.1.1",
            "source": {
                "type": "git",
                "url": "https://github.com/johnpbloch/wordpress.git",
                "reference": "d9ee7d6193781c9ee6288be6ca5681ee0c3f85b8"
            },
            "dist": {
                "type": "zip",
                "url": "https://api.github.com/repos/johnpbloch/wordpress/zipball/d9ee7d6193781c9ee6288be6ca5681ee0c3f85b8",
                "reference": "d9ee7d6193781c9ee6288be6ca5681ee0c3f85b8",
                "shasum": ""
            },
            "require": {
                "johnpbloch/wordpress-core": "6.1.1",
                "johnpbloch/wordpress-core-installer": "^1.0 || ^2.0",
                "php": ">=5.6.20"
            },
            "type": "package",
            "notification-url": "https://packagist.org/downloads/",
            "license": [
                "GPL-2.0+"
            ],
            "authors": [
                {
                    "name": "WordPress Community",
                    "homepage": "https://wordpress.org/about/"
                }
            ],
            "description": "WordPress is open source software you can use to create a beautiful website, blog, or app.",
            "homepage": "https://wordpress.org/",
            "keywords": [
                "blog",
                "cms",
                "wordpress"
            ],
            "support": {
                "docs": "https://developer.wordpress.org/",
                "forum": "https://wordpress.org/support/",
                "irc": "irc://irc.freenode.net/wordpress",
                "issues": "https://core.trac.wordpress.org/",
                "source": "https://core.trac.wordpress.org/browser"
            },
            "time": "2022-11-15T19:12:03+00:00"
        },
        {
            "name": "johnpbloch/wordpress-core",
            "version": "6.1.1",
            "source": {
                "type": "git",
                "url": "https://github.com/johnpbloch/wordpress-core.git",
                "reference": "c9688597721b8579f3c29028e572a7b9753db893"
            },
            "dist": {
                "type": "zip",
                "url": "https://api.github.com/repos/johnpbloch/wordpress-core/zipball/c9688597721b8579f3c29028e572a7b9753db893",
                "reference": "c9688597721b8579f3c29028e572a7b9753db893",
                "shasum": ""
            },
            "require": {
                "ext-json": "*",
                "php": ">=5.6.20"
            },
            "provide": {
                "wordpress/core-implementation": "6.1.1"
            },
            "type": "wordpress-core",
            "notification-url": "https://packagist.org/downloads/",
            "license": [
                "GPL-2.0-or-later"
            ],
            "authors": [
                {
                    "name": "WordPress Community",
                    "homepage": "https://wordpress.org/about/"
                }
            ],
            "description": "WordPress is open source software you can use to create a beautiful website, blog, or app.",
            "homepage": "https://wordpress.org/",
            "keywords": [
                "blog",
                "cms",
                "wordpress"
            ],
            "support": {
                "forum": "https://wordpress.org/support/",
                "irc": "irc://irc.freenode.net/wordpress",
                "issues": "https://core.trac.wordpress.org/",
                "source": "https://core.trac.wordpress.org/browser",
                "wiki": "https://codex.wordpress.org/"
            },
            "time": "2022-11-15T19:11:58+00:00"
        },
        {
            "name": "johnpbloch/wordpress-core-installer",
            "version": "2.0.0",
            "source": {
                "type": "git",
                "url": "https://github.com/johnpbloch/wordpress-core-installer.git",
                "reference": "237faae9a60a4a2e1d45dce1a5836ffa616de63e"
            },
            "dist": {
                "type": "zip",
                "url": "https://api.github.com/repos/johnpbloch/wordpress-core-installer/zipball/237faae9a60a4a2e1d45dce1a5836ffa616de63e",
                "reference": "237faae9a60a4a2e1d45dce1a5836ffa616de63e",
                "shasum": ""
            },
            "require": {
                "composer-plugin-api": "^1.0 || ^2.0",
                "php": ">=5.6.0"
            },
            "conflict": {
                "composer/installers": "<1.0.6"
            },
            "require-dev": {
                "composer/composer": "^1.0 || ^2.0",
                "phpunit/phpunit": ">=5.7.27"
            },
            "type": "composer-plugin",
            "extra": {
                "class": "johnpbloch\\Composer\\WordPressCorePlugin"
            },
            "autoload": {
                "psr-0": {
                    "johnpbloch\\Composer\\": "src/"
                }
            },
            "notification-url": "https://packagist.org/downloads/",
            "license": [
                "GPL-2.0-or-later"
            ],
            "authors": [
                {
                    "name": "John P. Bloch",
                    "email": "me@johnpbloch.com"
                }
            ],
            "description": "A custom installer to handle deploying WordPress with composer",
            "keywords": [
                "wordpress"
            ],
            "support": {
                "issues": "https://github.com/johnpbloch/wordpress-core-installer/issues",
                "source": "https://github.com/johnpbloch/wordpress-core-installer/tree/master"
            },
            "time": "2020-04-16T21:44:57+00:00"
        },
        {
            "name": "symfony/polyfill-ctype",
            "version": "v1.27.0",
            "source": {
                "type": "git",
                "url": "https://github.com/symfony/polyfill-ctype.git",
                "reference": "5bbc823adecdae860bb64756d639ecfec17b050a"
            },
            "dist": {
                "type": "zip",
                "url": "https://api.github.com/repos/symfony/polyfill-ctype/zipball/5bbc823adecdae860bb64756d639ecfec17b050a",
                "reference": "5bbc823adecdae860bb64756d639ecfec17b050a",
                "shasum": ""
            },
            "require": {
                "php": ">=7.1"
            },
            "provide": {
                "ext-ctype": "*"
            },
            "suggest": {
                "ext-ctype": "For best performance"
            },
            "type": "library",
            "extra": {
                "branch-alias": {
                    "dev-main": "1.27-dev"
                },
                "thanks": {
                    "name": "symfony/polyfill",
                    "url": "https://github.com/symfony/polyfill"
                }
            },
            "autoload": {
                "files": [
                    "bootstrap.php"
                ],
                "psr-4": {
                    "Symfony\\Polyfill\\Ctype\\": ""
                }
            },
            "notification-url": "https://packagist.org/downloads/",
            "license": [
                "MIT"
            ],
            "authors": [
                {
                    "name": "Gert de Pagter",
                    "email": "BackEndTea@gmail.com"
                },
                {
                    "name": "Symfony Community",
                    "homepage": "https://symfony.com/contributors"
                }
            ],
            "description": "Symfony polyfill for ctype functions",
            "homepage": "https://symfony.com",
            "keywords": [
                "compatibility",
                "ctype",
                "polyfill",
                "portable"
            ],
            "support": {
                "source": "https://github.com/symfony/polyfill-ctype/tree/v1.27.0"
            },
            "funding": [
                {
                    "url": "https://symfony.com/sponsor",
                    "type": "custom"
                },
                {
                    "url": "https://github.com/fabpot",
                    "type": "github"
                },
                {
                    "url": "https://tidelift.com/funding/github/packagist/symfony/symfony",
                    "type": "tidelift"
                }
            ],
            "time": "2022-11-03T14:55:06+00:00"
        },
        {
            "name": "vlucas/phpdotenv",
            "version": "v2.6.9",
            "source": {
                "type": "git",
                "url": "https://github.com/vlucas/phpdotenv.git",
                "reference": "2e93cc98e2e8e869f8d9cfa61bb3a99ba4fc4141"
            },
            "dist": {
                "type": "zip",
                "url": "https://api.github.com/repos/vlucas/phpdotenv/zipball/2e93cc98e2e8e869f8d9cfa61bb3a99ba4fc4141",
                "reference": "2e93cc98e2e8e869f8d9cfa61bb3a99ba4fc4141",
                "shasum": ""
            },
            "require": {
                "php": "^5.3.9 || ^7.0 || ^8.0",
                "symfony/polyfill-ctype": "^1.17"
            },
            "require-dev": {
                "ext-filter": "*",
                "ext-pcre": "*",
                "phpunit/phpunit": "^4.8.36 || ^5.7.27 || ^6.5.14 || ^7.5.20 || ^8.5.21"
            },
            "suggest": {
                "ext-filter": "Required to use the boolean validator.",
                "ext-pcre": "Required to use most of the library."
            },
            "type": "library",
            "extra": {
                "branch-alias": {
                    "dev-master": "2.6-dev"
                }
            },
            "autoload": {
                "psr-4": {
                    "Dotenv\\": "src/"
                }
            },
            "notification-url": "https://packagist.org/downloads/",
            "license": [
                "BSD-3-Clause"
            ],
            "authors": [
                {
                    "name": "Graham Campbell",
                    "email": "hello@gjcampbell.co.uk",
                    "homepage": "https://github.com/GrahamCampbell"
                },
                {
                    "name": "Vance Lucas",
                    "email": "vance@vancelucas.com",
                    "homepage": "https://github.com/vlucas"
                }
            ],
            "description": "Loads environment variables from `.env` to `getenv()`, `$_ENV` and `$_SERVER` automagically.",
            "keywords": [
                "dotenv",
                "env",
                "environment"
            ],
            "support": {
                "issues": "https://github.com/vlucas/phpdotenv/issues",
                "source": "https://github.com/vlucas/phpdotenv/tree/v2.6.9"
            },
            "funding": [
                {
                    "url": "https://github.com/GrahamCampbell",
                    "type": "github"
                },
                {
                    "url": "https://tidelift.com/funding/github/packagist/vlucas/phpdotenv",
                    "type": "tidelift"
                }
            ],
            "time": "2021-12-12T22:59:22+00:00"
        },
        {
            "name": "wecodemore/wpstarter",
            "version": "2.4.3",
            "source": {
                "type": "git",
                "url": "https://github.com/wecodemore/wpstarter.git",
                "reference": "478f060bc2168598cf605fffdbcb5f34e0fb44b8"
            },
            "dist": {
                "type": "zip",
                "url": "https://api.github.com/repos/wecodemore/wpstarter/zipball/478f060bc2168598cf605fffdbcb5f34e0fb44b8",
                "reference": "478f060bc2168598cf605fffdbcb5f34e0fb44b8",
                "shasum": ""
            },
            "require": {
                "johnpbloch/wordpress": ">=4.2",
                "php": ">=5.3.2",
                "vlucas/phpdotenv": "~2.0"
            },
            "replace": {
                "wecodemore/wp-composer-config": "*"
            },
            "require-dev": {
                "dealerdirect/phpcodesniffer-composer-installer": "^0.4.2",
                "squizlabs/php_codesniffer": "^3.0",
                "wimg/php-compatibility": "^8.0"
            },
            "type": "library",
            "extra": {
                "wordpress-install-dir": "public/wp",
                "wordpress-content-dir": "public/content",
                "wpstarter": {
                    "env-example": true,
                    "prevent-overwrite": false
                },
                "installer-paths": {
                    "public/content/plugins/{$name}": [
                        "type:wordpress-plugin"
                    ],
                    "public/content/mu-plugins/{$name}": [
                        "type:wordpress-muplugin"
                    ],
                    "public/content/themes/{$name}": [
                        "type:wordpress-theme"
                    ]
                },
                "branch-alias": {
                    "dev-master": "2.x-dev"
                }
            },
            "autoload": {
                "psr-4": {
                    "WCM\\WPStarter\\": "wpstarter/src/"
                }
            },
            "notification-url": "https://packagist.org/downloads/",
            "license": [
                "MIT"
            ],
            "authors": [
                {
                    "name": "Giuseppe Mazzapica",
                    "email": "giuseppe.mazzapica@gmail.com",
                    "homepage": "http://gm.zoomlab.it",
                    "role": "Developer"
                }
            ],
            "description": "Easily bootstrap whole site Composer packages for WordPress.",
            "keywords": [
                "composer",
                "config",
                "env",
                "wordpress",
                "wp",
                "wp-config"
            ],
            "support": {
                "issues": "https://github.com/wecodemore/wpstarter/issues",
                "source": "https://github.com/wecodemore/wpstarter"
            },
            "time": "2018-05-07T21:49:20+00:00"
        },
        {
            "name": "wpackagist-plugin/contact-form-7",
            "version": "5.7",
            "source": {
                "type": "svn",
                "url": "https://plugins.svn.wordpress.org/contact-form-7/",
                "reference": "tags/5.7"
            },
            "dist": {
                "type": "zip",
                "url": "https://downloads.wordpress.org/plugin/contact-form-7.5.7.zip"
            },
            "require": {
                "composer/installers": "^1.0 || ^2.0"
            },
            "type": "wordpress-plugin",
            "homepage": "https://wordpress.org/plugins/contact-form-7/"
        },
        {
            "name": "wpackagist-plugin/contact-form-7-honeypot",
            "version": "2.1.1",
            "source": {
                "type": "svn",
                "url": "https://plugins.svn.wordpress.org/contact-form-7-honeypot/",
                "reference": "tags/2.1.1"
            },
            "dist": {
                "type": "zip",
                "url": "https://downloads.wordpress.org/plugin/contact-form-7-honeypot.2.1.1.zip"
            },
            "require": {
                "composer/installers": "^1.0 || ^2.0"
            },
            "type": "wordpress-plugin",
            "homepage": "https://wordpress.org/plugins/contact-form-7-honeypot/"
        },
        {
            "name": "wpackagist-plugin/disable-emojis",
            "version": "1.7.4",
            "source": {
                "type": "svn",
                "url": "https://plugins.svn.wordpress.org/disable-emojis/",
                "reference": "tags/1.7.4"
            },
            "dist": {
                "type": "zip",
                "url": "https://downloads.wordpress.org/plugin/disable-emojis.1.7.4.zip"
            },
            "require": {
                "composer/installers": "^1.0 || ^2.0"
            },
            "type": "wordpress-plugin",
            "homepage": "https://wordpress.org/plugins/disable-emojis/"
        },
        {
            "name": "wpackagist-plugin/duplicate-post",
            "version": "4.5",
            "source": {
                "type": "svn",
                "url": "https://plugins.svn.wordpress.org/duplicate-post/",
                "reference": "tags/4.5"
            },
            "dist": {
                "type": "zip",
                "url": "https://downloads.wordpress.org/plugin/duplicate-post.4.5.zip"
            },
            "require": {
                "composer/installers": "^1.0 || ^2.0"
            },
            "type": "wordpress-plugin",
            "homepage": "https://wordpress.org/plugins/duplicate-post/"
        },
        {
            "name": "wpackagist-plugin/enable-media-replace",
            "version": "4.0.1",
            "source": {
                "type": "svn",
                "url": "https://plugins.svn.wordpress.org/enable-media-replace/",
                "reference": "tags/4.0.1"
            },
            "dist": {
                "type": "zip",
                "url": "https://downloads.wordpress.org/plugin/enable-media-replace.4.0.1.zip"
            },
            "require": {
                "composer/installers": "^1.0 || ^2.0"
            },
            "type": "wordpress-plugin",
            "homepage": "https://wordpress.org/plugins/enable-media-replace/"
        },
        {
            "name": "wpackagist-plugin/limit-login-attempts-reloaded",
            "version": "2.25.10",
            "source": {
                "type": "svn",
                "url": "https://plugins.svn.wordpress.org/limit-login-attempts-reloaded/",
                "reference": "tags/2.25.10"
            },
            "dist": {
                "type": "zip",
                "url": "https://downloads.wordpress.org/plugin/limit-login-attempts-reloaded.2.25.10.zip"
            },
            "require": {
                "composer/installers": "^1.0 || ^2.0"
            },
            "type": "wordpress-plugin",
            "homepage": "https://wordpress.org/plugins/limit-login-attempts-reloaded/"
        },
        {
            "name": "wpackagist-plugin/litespeed-cache",
            "version": "5.3.1",
            "source": {
                "type": "svn",
                "url": "https://plugins.svn.wordpress.org/litespeed-cache/",
                "reference": "tags/5.3.1"
            },
            "dist": {
                "type": "zip",
                "url": "https://downloads.wordpress.org/plugin/litespeed-cache.5.3.1.zip"
            },
            "require": {
                "composer/installers": "^1.0 || ^2.0"
            },
            "type": "wordpress-plugin",
            "homepage": "https://wordpress.org/plugins/litespeed-cache/"
        },
        {
            "name": "wpackagist-plugin/maintenance",
            "version": "4.07",
            "source": {
                "type": "svn",
                "url": "https://plugins.svn.wordpress.org/maintenance/",
                "reference": "tags/4.07"
            },
            "dist": {
                "type": "zip",
                "url": "https://downloads.wordpress.org/plugin/maintenance.4.07.zip"
            },
            "require": {
                "composer/installers": "^1.0 || ^2.0"
            },
            "type": "wordpress-plugin",
            "homepage": "https://wordpress.org/plugins/maintenance/"
        },
        {
            "name": "wpackagist-plugin/polylang",
            "version": "3.3",
            "source": {
                "type": "svn",
                "url": "https://plugins.svn.wordpress.org/polylang/",
                "reference": "tags/3.3"
            },
            "dist": {
                "type": "zip",
                "url": "https://downloads.wordpress.org/plugin/polylang.3.3.zip"
            },
            "require": {
                "composer/installers": "^1.0 || ^2.0"
            },
            "type": "wordpress-plugin",
            "homepage": "https://wordpress.org/plugins/polylang/"
        },
        {
            "name": "wpackagist-plugin/redirection",
            "version": "5.3.6",
            "source": {
                "type": "svn",
                "url": "https://plugins.svn.wordpress.org/redirection/",
                "reference": "tags/5.3.6"
            },
            "dist": {
                "type": "zip",
                "url": "https://downloads.wordpress.org/plugin/redirection.5.3.6.zip"
            },
            "require": {
                "composer/installers": "^1.0 || ^2.0"
            },
            "type": "wordpress-plugin",
            "homepage": "https://wordpress.org/plugins/redirection/"
        },
        {
            "name": "wpackagist-plugin/siteimprove",
            "version": "1.3.0",
            "source": {
                "type": "svn",
                "url": "https://plugins.svn.wordpress.org/siteimprove/",
                "reference": "tags/1.3.0"
            },
            "dist": {
                "type": "zip",
                "url": "https://downloads.wordpress.org/plugin/siteimprove.1.3.0.zip"
            },
            "require": {
                "composer/installers": "^1.0 || ^2.0"
            },
            "type": "wordpress-plugin",
            "homepage": "https://wordpress.org/plugins/siteimprove/"
        },
        {
            "name": "wpackagist-plugin/visual-term-description-editor",
            "version": "1.8.1",
            "source": {
                "type": "svn",
                "url": "https://plugins.svn.wordpress.org/visual-term-description-editor/",
                "reference": "tags/1.8.1"
            },
            "dist": {
                "type": "zip",
                "url": "https://downloads.wordpress.org/plugin/visual-term-description-editor.1.8.1.zip"
            },
            "require": {
                "composer/installers": "^1.0 || ^2.0"
            },
            "type": "wordpress-plugin",
            "homepage": "https://wordpress.org/plugins/visual-term-description-editor/"
        },
        {
            "name": "wpackagist-plugin/wordpress-importer",
            "version": "0.8",
            "source": {
                "type": "svn",
                "url": "https://plugins.svn.wordpress.org/wordpress-importer/",
                "reference": "tags/0.8"
            },
            "dist": {
                "type": "zip",
                "url": "https://downloads.wordpress.org/plugin/wordpress-importer.0.8.zip"
            },
            "require": {
                "composer/installers": "^1.0 || ^2.0"
            },
            "type": "wordpress-plugin",
            "homepage": "https://wordpress.org/plugins/wordpress-importer/"
        },
        {
            "name": "wpackagist-plugin/wordpress-seo",
            "version": "19.12",
            "source": {
                "type": "svn",
                "url": "https://plugins.svn.wordpress.org/wordpress-seo/",
                "reference": "tags/19.12"
            },
            "dist": {
                "type": "zip",
                "url": "https://downloads.wordpress.org/plugin/wordpress-seo.19.12.zip"
            },
            "require": {
                "composer/installers": "^1.0 || ^2.0"
            },
            "type": "wordpress-plugin",
            "homepage": "https://wordpress.org/plugins/wordpress-seo/"
        },
        {
            "name": "wpackagist-plugin/wp-favicon-remover",
            "version": "1.0.2",
            "source": {
                "type": "svn",
                "url": "https://plugins.svn.wordpress.org/wp-favicon-remover/",
                "reference": "tags/1.0.2"
            },
            "dist": {
                "type": "zip",
                "url": "https://downloads.wordpress.org/plugin/wp-favicon-remover.1.0.2.zip"
            },
            "require": {
                "composer/installers": "^1.0 || ^2.0"
            },
            "type": "wordpress-plugin",
            "homepage": "https://wordpress.org/plugins/wp-favicon-remover/"
        },
        {
            "name": "wpackagist-plugin/wp-media-library-categories",
            "version": "1.9.9",
            "source": {
                "type": "svn",
                "url": "https://plugins.svn.wordpress.org/wp-media-library-categories/",
                "reference": "tags/1.9.9"
            },
            "dist": {
                "type": "zip",
                "url": "https://downloads.wordpress.org/plugin/wp-media-library-categories.1.9.9.zip"
            },
            "require": {
                "composer/installers": "^1.0 || ^2.0"
            },
            "type": "wordpress-plugin",
            "homepage": "https://wordpress.org/plugins/wp-media-library-categories/"
        },
        {
            "name": "wpackagist-plugin/wp-piwik",
            "version": "1.0.27",
            "source": {
                "type": "svn",
                "url": "https://plugins.svn.wordpress.org/wp-piwik/",
                "reference": "tags/1.0.27"
            },
            "dist": {
                "type": "zip",
                "url": "https://downloads.wordpress.org/plugin/wp-piwik.1.0.27.zip"
            },
            "require": {
                "composer/installers": "^1.0 || ^2.0"
            },
            "type": "wordpress-plugin",
            "homepage": "https://wordpress.org/plugins/wp-piwik/"
        }
    ],
    "packages-dev": [],
    "aliases": [],
    "minimum-stability": "dev",
    "stability-flags": {
        "city-of-helsinki/wordpress-helfi-helsinkiteema": 20,
        "city-of-helsinki/wordpress-helfi-hds-wp": 20,
        "city-of-helsinki/wordpress-helfi-linkedevents": 20,
        "city-of-helsinki/wordpress-helfi-chat": 20,
        "city-of-helsinki/wordpress-helfi-tpr": 20
    },
    "prefer-stable": true,
    "prefer-lowest": false,
    "platform": [],
    "platform-dev": [],
    "platform-overrides": {
        "php": "7.4.33"
    },
    "plugin-api-version": "2.3.0"
}
